
Microsoft Visual Studio Solution File, Format Version 12.00
# Visual Studio Version 16
VisualStudioVersion = 16.0.33423.256
MinimumVisualStudioVersion = 10.0.40219.1
Project("{FAE04EC0-301F-11D3-BF4B-00C04F79EFBC}") = "Problem03", "Problem03.csproj", "{F139BDA9-E7C8-4F7D-B575-0AB7FF21EB08}"
EndProject
Global
	GlobalSection(SolutionConfigurationPlatforms) = preSolution
		Debug|Any CPU = Debug|Any CPU
		Release|Any CPU = Release|Any CPU
	EndGlobalSection
	GlobalSection(ProjectConfigurationPlatforms) = postSolution
		{F139BDA9-E7C8-4F7D-B575-0AB7FF21EB08}.Debug|Any CPU.ActiveCfg = Debug|Any CPU
		{F139BDA9-E7C8-4F7D-B575-0AB7FF21EB08}.Debug|Any CPU.Build.0 = Debug|Any CPU
		{F139BDA9-E7C8-4F7D-B575-0AB7FF21EB08}.Release|Any CPU.ActiveCfg = Release|Any CPU
		{F139BDA9-E7C8-4F7D-B575-0AB7FF21EB08}.Release|Any CPU.Build.0 = Release|Any CPU
	EndGlobalSection
	GlobalSection(SolutionProperties) = preSolution
		HideSolutionNode = FALSE
	EndGlobalSection
	GlobalSection(ExtensibilityGlobals) = postSolution
		SolutionGuid = {1C415440-44BB-49B9-A8CC-3B0E71328943}
	EndGlobalSection
EndGlobal
